
Microsoft Visual Studio Solution File, Format Version 12.00
# Visual Studio Version 17
VisualStudioVersion = 17.10.34916.146
MinimumVisualStudioVersion = 10.0.40219.1
Project("{FAE04EC0-301F-11D3-BF4B-00C04F79EFBC}") = "FinalExam", "FinalExam\FinalExam.csproj", "{3DD6D120-91F6-4F19-8986-DCE8DE3E7653}"
EndProject
Project("{FAE04EC0-301F-11D3-BF4B-00C04F79EFBC}") = "FinalExam.Core", "FinalExam.Core\FinalExam.Core.csproj", "{9559A2B7-DB54-402E-9A78-83FBE29FDCE6}"
EndProject
Project("{FAE04EC0-301F-11D3-BF4B-00C04F79EFBC}") = "FinalExam.Data", "FinalExam.Data\FinalExam.Data.csproj", "{4205596A-D7B7-4366-8DA9-C21949027A96}"
EndProject
Project("{FAE04EC0-301F-11D3-BF4B-00C04F79EFBC}") = "FinalExam.Business", "FinalExam.Business\FinalExam.Business.csproj", "{1D4392EB-120F-4EB2-8D89-B38916BB5670}"
EndProject
Global
	GlobalSection(SolutionConfigurationPlatforms) = preSolution
		Debug|Any CPU = Debug|Any CPU
		Release|Any CPU = Release|Any CPU
	EndGlobalSection
	GlobalSection(ProjectConfigurationPlatforms) = postSolution
		{3DD6D120-91F6-4F19-8986-DCE8DE3E7653}.Debug|Any CPU.ActiveCfg = Debug|Any CPU
		{3DD6D120-91F6-4F19-8986-DCE8DE3E7653}.Debug|Any CPU.Build.0 = Debug|Any CPU
		{3DD6D120-91F6-4F19-8986-DCE8DE3E7653}.Release|Any CPU.ActiveCfg = Release|Any CPU
		{3DD6D120-91F6-4F19-8986-DCE8DE3E7653}.Release|Any CPU.Build.0 = Release|Any CPU
		{9559A2B7-DB54-402E-9A78-83FBE29FDCE6}.Debug|Any CPU.ActiveCfg = Debug|Any CPU
		{9559A2B7-DB54-402E-9A78-83FBE29FDCE6}.Debug|Any CPU.Build.0 = Debug|Any CPU
		{9559A2B7-DB54-402E-9A78-83FBE29FDCE6}.Release|Any CPU.ActiveCfg = Release|Any CPU
		{9559A2B7-DB54-402E-9A78-83FBE29FDCE6}.Release|Any CPU.Build.0 = Release|Any CPU
		{4205596A-D7B7-4366-8DA9-C21949027A96}.Debug|Any CPU.ActiveCfg = Debug|Any CPU
		{4205596A-D7B7-4366-8DA9-C21949027A96}.Debug|Any CPU.Build.0 = Debug|Any CPU
		{4205596A-D7B7-4366-8DA9-C21949027A96}.Release|Any CPU.ActiveCfg = Release|Any CPU
		{4205596A-D7B7-4366-8DA9-C21949027A96}.Release|Any CPU.Build.0 = Release|Any CPU
		{1D4392EB-120F-4EB2-8D89-B38916BB5670}.Debug|Any CPU.ActiveCfg = Debug|Any CPU
		{1D4392EB-120F-4EB2-8D89-B38916BB5670}.Debug|Any CPU.Build.0 = Debug|Any CPU
		{1D4392EB-120F-4EB2-8D89-B38916BB5670}.Release|Any CPU.ActiveCfg = Release|Any CPU
		{1D4392EB-120F-4EB2-8D89-B38916BB5670}.Release|Any CPU.Build.0 = Release|Any CPU
	EndGlobalSection
	GlobalSection(SolutionProperties) = preSolution
		HideSolutionNode = FALSE
	EndGlobalSection
	GlobalSection(ExtensibilityGlobals) = postSolution
		SolutionGuid = {7ACA0420-5563-45AC-BB09-497A687CFB35}
	EndGlobalSection
EndGlobal
